
Microsoft Visual Studio Solution File, Format Version 12.00
# Visual Studio 14
VisualStudioVersion = 14.0.25123.0
MinimumVisualStudioVersion = 10.0.40219.1
Project("{FAE04EC0-301F-11D3-BF4B-00C04F79EFBC}") = "EstruturaDeDados", "EstruturaDeDados\EstruturaDeDados.csproj", "{62EF7B4C-EDC9-4215-94DD-F30979926E9E}"
EndProject
Project("{FAE04EC0-301F-11D3-BF4B-00C04F79EFBC}") = "Exercicios", "Exercicios\Exercicios.csproj", "{6BACC2AE-9A0D-4806-88C2-46D64DFFE7FF}"
EndProject
Project("{FAE04EC0-301F-11D3-BF4B-00C04F79EFBC}") = "Sort", "Sort\Sort.csproj", "{A08DD47B-3AC6-4418-B941-C92487AEE422}"
EndProject
Project("{FAE04EC0-301F-11D3-BF4B-00C04F79EFBC}") = "TrabalhoSort", "Trabalho\TrabalhoSort.csproj", "{692335D1-15EC-442B-83DC-E2CA8B8FA4EF}"
EndProject
Project("{2150E333-8FDC-42A3-9474-1A3956D46DE8}") = "Solution Items", "Solution Items", "{034E3B0D-2428-4A01-BA8E-22EF1C79FF54}"
	ProjectSection(SolutionItems) = preProject
		Trabalho.psess = Trabalho.psess
	EndProjectSection
EndProject
Global
	GlobalSection(Performance) = preSolution
		HasPerformanceSessions = true
	EndGlobalSection
	GlobalSection(SolutionConfigurationPlatforms) = preSolution
		Debug|Any CPU = Debug|Any CPU
		Release|Any CPU = Release|Any CPU
	EndGlobalSection
	GlobalSection(ProjectConfigurationPlatforms) = postSolution
		{62EF7B4C-EDC9-4215-94DD-F30979926E9E}.Debug|Any CPU.ActiveCfg = Debug|Any CPU
		{62EF7B4C-EDC9-4215-94DD-F30979926E9E}.Debug|Any CPU.Build.0 = Debug|Any CPU
		{62EF7B4C-EDC9-4215-94DD-F30979926E9E}.Release|Any CPU.ActiveCfg = Release|Any CPU
		{62EF7B4C-EDC9-4215-94DD-F30979926E9E}.Release|Any CPU.Build.0 = Release|Any CPU
		{6BACC2AE-9A0D-4806-88C2-46D64DFFE7FF}.Debug|Any CPU.ActiveCfg = Debug|Any CPU
		{6BACC2AE-9A0D-4806-88C2-46D64DFFE7FF}.Debug|Any CPU.Build.0 = Debug|Any CPU
		{6BACC2AE-9A0D-4806-88C2-46D64DFFE7FF}.Release|Any CPU.ActiveCfg = Release|Any CPU
		{6BACC2AE-9A0D-4806-88C2-46D64DFFE7FF}.Release|Any CPU.Build.0 = Release|Any CPU
		{A08DD47B-3AC6-4418-B941-C92487AEE422}.Debug|Any CPU.ActiveCfg = Debug|Any CPU
		{A08DD47B-3AC6-4418-B941-C92487AEE422}.Debug|Any CPU.Build.0 = Debug|Any CPU
		{A08DD47B-3AC6-4418-B941-C92487AEE422}.Release|Any CPU.ActiveCfg = Release|Any CPU
		{A08DD47B-3AC6-4418-B941-C92487AEE422}.Release|Any CPU.Build.0 = Release|Any CPU
		{692335D1-15EC-442B-83DC-E2CA8B8FA4EF}.Debug|Any CPU.ActiveCfg = Debug|Any CPU
		{692335D1-15EC-442B-83DC-E2CA8B8FA4EF}.Debug|Any CPU.Build.0 = Debug|Any CPU
		{692335D1-15EC-442B-83DC-E2CA8B8FA4EF}.Release|Any CPU.ActiveCfg = Release|Any CPU
		{692335D1-15EC-442B-83DC-E2CA8B8FA4EF}.Release|Any CPU.Build.0 = Release|Any CPU
	EndGlobalSection
	GlobalSection(SolutionProperties) = preSolution
		HideSolutionNode = FALSE
	EndGlobalSection
EndGlobal
